
Microsoft Visual Studio Solution File, Format Version 12.00
# Visual Studio Version 17
VisualStudioVersion = 17.14.36414.22 d17.14
MinimumVisualStudioVersion = 10.0.40219.1
Project("{FAE04EC0-301F-11D3-BF4B-00C04F79EFBC}") = "GestionnarEmpleadosTxT", "GestionnarEmpleadosTxT.csproj", "{50C99A92-CB4A-4F00-98E7-D619FF6AEF9C}"
EndProject
Global
	GlobalSection(SolutionConfigurationPlatforms) = preSolution
		Debug|Any CPU = Debug|Any CPU
		Release|Any CPU = Release|Any CPU
	EndGlobalSection
	GlobalSection(ProjectConfigurationPlatforms) = postSolution
		{50C99A92-CB4A-4F00-98E7-D619FF6AEF9C}.Debug|Any CPU.ActiveCfg = Debug|Any CPU
		{50C99A92-CB4A-4F00-98E7-D619FF6AEF9C}.Debug|Any CPU.Build.0 = Debug|Any CPU
		{50C99A92-CB4A-4F00-98E7-D619FF6AEF9C}.Release|Any CPU.ActiveCfg = Release|Any CPU
		{50C99A92-CB4A-4F00-98E7-D619FF6AEF9C}.Release|Any CPU.Build.0 = Release|Any CPU
	EndGlobalSection
	GlobalSection(SolutionProperties) = preSolution
		HideSolutionNode = FALSE
	EndGlobalSection
	GlobalSection(ExtensibilityGlobals) = postSolution
		SolutionGuid = {5E6C74E5-7D67-4DD0-AB7B-31B8CFE2B453}
	EndGlobalSection
EndGlobal
